// !$*UTF8*$!
{
	archiveVersion = 1;
	classes = {
	};
	objectVersion = 50;
	objects = {

/* Begin PBXBuildFile section */
		5711DA502199EB5100275471 /* AppDelegate.swift in Sources */ = {isa = PBXBuildFile; fileRef = 5711DA4F2199EB5100275471 /* AppDelegate.swift */; };
		5711DA522199EB5100275471 /* CardGameController.swift in Sources */ = {isa = PBXBuildFile; fileRef = 5711DA512199EB5100275471 /* CardGameController.swift */; };
		5711DA552199EB5100275471 /* Main.storyboard in Resources */ = {isa = PBXBuildFile; fileRef = 5711DA532199EB5100275471 /* Main.storyboard */; };
		5711DA572199EB5300275471 /* Assets.xcassets in Resources */ = {isa = PBXBuildFile; fileRef = 5711DA562199EB5300275471 /* Assets.xcassets */; };
		5711DA5A2199EB5300275471 /* LaunchScreen.storyboard in Resources */ = {isa = PBXBuildFile; fileRef = 5711DA582199EB5300275471 /* LaunchScreen.storyboard */; };
		5711DA622199EB8D00275471 /* Card.swift in Sources */ = {isa = PBXBuildFile; fileRef = 5711DA612199EB8D00275471 /* Card.swift */; };
		5711DA642199EBAA00275471 /* ThreeCardMonte.swift in Sources */ = {isa = PBXBuildFile; fileRef = 5711DA632199EBAA00275471 /* ThreeCardMonte.swift */; };
		5711DA662199EBB700275471 /* MatchingGame.swift in Sources */ = {isa = PBXBuildFile; fileRef = 5711DA652199EBB700275471 /* MatchingGame.swift */; };
		5711DA692199EC9A00275471 /* ThreeCardMonteController.swift in Sources */ = {isa = PBXBuildFile; fileRef = 5711DA682199EC9A00275471 /* ThreeCardMonteController.swift */; };
		5711DA6B2199ECAF00275471 /* MatchingGameController.swift in Sources */ = {isa = PBXBuildFile; fileRef = 5711DA6A2199ECAF00275471 /* MatchingGameController.swift */; };
/* End PBXBuildFile section */

/* Begin PBXFileReference section */
		5711DA4C2199EB5100275471 /* CardGame.app */ = {isa = PBXFileReference; explicitFileType = wrapper.application; includeInIndex = 0; path = CardGame.app; sourceTree = BUILT_PRODUCTS_DIR; };
		5711DA4F2199EB5100275471 /* AppDelegate.swift */ = {isa = PBXFileReference; lastKnownFileType = sourcecode.swift; path = AppDelegate.swift; sourceTree = "<group>"; };
		5711DA512199EB5100275471 /* CardGameController.swift */ = {isa = PBXFileReference; lastKnownFileType = sourcecode.swift; path = CardGameController.swift; sourceTree = "<group>"; };
		5711DA542199EB5100275471 /* Base */ = {isa = PBXFileReference; lastKnownFileType = file.storyboard; name = Base; path = Base.lproj/Main.storyboard; sourceTree = "<group>"; };
		5711DA562199EB5300275471 /* Assets.xcassets */ = {isa = PBXFileReference; lastKnownFileType = folder.assetcatalog; path = Assets.xcassets; sourceTree = "<group>"; };
		5711DA592199EB5300275471 /* Base */ = {isa = PBXFileReference; lastKnownFileType = file.storyboard; name = Base; path = Base.lproj/LaunchScreen.storyboard; sourceTree = "<group>"; };
		5711DA5B2199EB5300275471 /* Info.plist */ = {isa = PBXFileReference; lastKnownFileType = text.plist.xml; path = Info.plist; sourceTree = "<group>"; };
		5711DA612199EB8D00275471 /* Card.swift */ = {isa = PBXFileReference; lastKnownFileType = sourcecode.swift; path = Card.swift; sourceTree = "<group>"; };
		5711DA632199EBAA00275471 /* ThreeCardMonte.swift */ = {isa = PBXFileReference; lastKnownFileType = sourcecode.swift; path = ThreeCardMonte.swift; sourceTree = "<group>"; };
		5711DA652199EBB700275471 /* MatchingGame.swift */ = {isa = PBXFileReference; lastKnownFileType = sourcecode.swift; path = MatchingGame.swift; sourceTree = "<group>"; };
		5711DA682199EC9A00275471 /* ThreeCardMonteController.swift */ = {isa = PBXFileReference; lastKnownFileType = sourcecode.swift; path = ThreeCardMonteController.swift; sourceTree = "<group>"; };
		5711DA6A2199ECAF00275471 /* MatchingGameController.swift */ = {isa = PBXFileReference; lastKnownFileType = sourcecode.swift; path = MatchingGameController.swift; sourceTree = "<group>"; };
/* End PBXFileReference section */

/* Begin PBXFrameworksBuildPhase section */
		5711DA492199EB5100275471 /* Frameworks */ = {
			isa = PBXFrameworksBuildPhase;
			buildActionMask = 2147483647;
			files = (
			);
			runOnlyForDeploymentPostprocessing = 0;
		};
/* End PBXFrameworksBuildPhase section */

/* Begin PBXGroup section */
		5711DA432199EB5100275471 = {
			isa = PBXGroup;
			children = (
				5711DA4E2199EB5100275471 /* CardGame */,
				5711DA4D2199EB5100275471 /* Products */,
			);
			sourceTree = "<group>";
		};
		5711DA4D2199EB5100275471 /* Products */ = {
			isa = PBXGroup;
			children = (
				5711DA4C2199EB5100275471 /* CardGame.app */,
			);
			name = Products;
			sourceTree = "<group>";
		};
		5711DA4E2199EB5100275471 /* CardGame */ = {
			isa = PBXGroup;
			children = (
				5711DA672199EBFD00275471 /* Models */,
				5711DA6D2199ECE800275471 /* View */,
				5711DA6C2199ECD100275471 /* Controllers */,
				5711DA6E2199ED3800275471 /* Supporting Files */,
				5711DA5B2199EB5300275471 /* Info.plist */,
			);
			path = CardGame;
			sourceTree = "<group>";
		};
		5711DA672199EBFD00275471 /* Models */ = {
			isa = PBXGroup;
			children = (
				5711DA612199EB8D00275471 /* Card.swift */,
				5711DA632199EBAA00275471 /* ThreeCardMonte.swift */,
				5711DA652199EBB700275471 /* MatchingGame.swift */,
			);
			path = Models;
			sourceTree = "<group>";
		};
		5711DA6C2199ECD100275471 /* Controllers */ = {
			isa = PBXGroup;
			children = (
				5711DA512199EB5100275471 /* CardGameController.swift */,
				5711DA682199EC9A00275471 /* ThreeCardMonteController.swift */,
				5711DA6A2199ECAF00275471 /* MatchingGameController.swift */,
			);
			path = Controllers;
			sourceTree = "<group>";
		};
		5711DA6D2199ECE800275471 /* View */ = {
			isa = PBXGroup;
			children = (
				5711DA532199EB5100275471 /* Main.storyboard */,
			);
			path = View;
			sourceTree = "<group>";
		};
		5711DA6E2199ED3800275471 /* Supporting Files */ = {
			isa = PBXGroup;
			children = (
				5711DA4F2199EB5100275471 /* AppDelegate.swift */,
				5711DA562199EB5300275471 /* Assets.xcassets */,
				5711DA582199EB5300275471 /* LaunchScreen.storyboard */,
			);
			path = "Supporting Files";
			sourceTree = "<group>";
		};
/* End PBXGroup section */

/* Begin PBXNativeTarget section */
		5711DA4B2199EB5100275471 /* CardGame */ = {
			isa = PBXNativeTarget;
			buildConfigurationList = 5711DA5E2199EB5300275471 /* Build configuration list for PBXNativeTarget "CardGame" */;
			buildPhases = (
				5711DA482199EB5100275471 /* Sources */,
				5711DA492199EB5100275471 /* Frameworks */,
				5711DA4A2199EB5100275471 /* Resources */,
			);
			buildRules = (
			);
			dependencies = (
			);
			name = CardGame;
			productName = CardGame;
			productReference = 5711DA4C2199EB5100275471 /* CardGame.app */;
			productType = "com.apple.product-type.application";
		};
/* End PBXNativeTarget section */

/* Begin PBXProject section */
		5711DA442199EB5100275471 /* Project object */ = {
			isa = PBXProject;
			attributes = {
				LastSwiftUpdateCheck = 1000;
				LastUpgradeCheck = 1000;
				ORGANIZATIONNAME = "Alex Paul";
				TargetAttributes = {
					5711DA4B2199EB5100275471 = {
						CreatedOnToolsVersion = 10.0;
					};
				};
			};
			buildConfigurationList = 5711DA472199EB5100275471 /* Build configuration list for PBXProject "CardGame" */;
			compatibilityVersion = "Xcode 9.3";
			developmentRegion = en;
			hasScannedForEncodings = 0;
			knownRegions = (
				en,
				Base,
			);
			mainGroup = 5711DA432199EB5100275471;
			productRefGroup = 5711DA4D2199EB5100275471 /* Products */;
			projectDirPath = "";
			projectRoot = "";
			targets = (
				5711DA4B2199EB5100275471 /* CardGame */,
			);
		};
/* End PBXProject section */

/* Begin PBXResourcesBuildPhase section */
		5711DA4A2199EB5100275471 /* Resources */ = {
			isa = PBXResourcesBuildPhase;
			buildActionMask = 2147483647;
			files = (
				5711DA5A2199EB5300275471 /* LaunchScreen.storyboard in Resources */,
				5711DA572199EB5300275471 /* Assets.xcassets in Resources */,
				5711DA552199EB5100275471 /* Main.storyboard in Resources */,
			);
			runOnlyForDeploymentPostprocessing = 0;
		};
/* End PBXResourcesBuildPhase section */

/* Begin PBXSourcesBuildPhase section */
		5711DA482199EB5100275471 /* Sources */ = {
			isa = PBXSourcesBuildPhase;
			buildActionMask = 2147483647;
			files = (
				5711DA692199EC9A00275471 /* ThreeCardMonteController.swift in Sources */,
				5711DA642199EBAA00275471 /* ThreeCardMonte.swift in Sources */,
				5711DA6B2199ECAF00275471 /* MatchingGameController.swift in Sources */,
				5711DA522199EB5100275471 /* CardGameController.swift in Sources */,
				5711DA662199EBB700275471 /* MatchingGame.swift in Sources */,
				5711DA622199EB8D00275471 /* Card.swift in Sources */,
				5711DA502199EB5100275471 /* AppDelegate.swift in Sources */,
			);
			runOnlyForDeploymentPostprocessing = 0;
		};
/* End PBXSourcesBuildPhase section */

/* Begin PBXVariantGroup section */
		5711DA532199EB5100275471 /* Main.storyboard */ = {
			isa = PBXVariantGroup;
			children = (
				5711DA542199EB5100275471 /* Base */,
			);
			name = Main.storyboard;
			sourceTree = "<group>";
		};
		5711DA582199EB5300275471 /* LaunchScreen.storyboard */ = {
			isa = PBXVariantGroup;
			children = (
				5711DA592199EB5300275471 /* Base */,
			);
			name = LaunchScreen.storyboard;
			sourceTree = "<group>";
		};
/* End PBXVariantGroup section */

/* Begin XCBuildConfiguration section */
		5711DA5C2199EB5300275471 /* Debug */ = {
			isa = XCBuildConfiguration;
			buildSettings = {
				ALWAYS_SEARCH_USER_PATHS = NO;
				CLANG_ANALYZER_NONNULL = YES;
				CLANG_ANALYZER_NUMBER_OBJECT_CONVERSION = YES_AGGRESSIVE;
				CLANG_CXX_LANGUAGE_STANDARD = "gnu++14";
				CLANG_CXX_LIBRARY = "libc++";
				CLANG_ENABLE_MODULES = YES;
				CLANG_ENABLE_OBJC_ARC = YES;
				CLANG_ENABLE_OBJC_WEAK = YES;
				CLANG_WARN_BLOCK_CAPTURE_AUTORELEASING = YES;
				CLANG_WARN_BOOL_CONVERSION = YES;
				CLANG_WARN_COMMA = YES;
				CLANG_WARN_CONSTANT_CONVERSION = YES;
				CLANG_WARN_DEPRECATED_OBJC_IMPLEMENTATIONS = YES;
				CLANG_WARN_DIRECT_OBJC_ISA_USAGE = YES_ERROR;
				CLANG_WARN_DOCUMENTATION_COMMENTS = YES;
				CLANG_WARN_EMPTY_BODY = YES;
				CLANG_WARN_ENUM_CONVERSION = YES;
				CLANG_WARN_INFINITE_RECURSION = YES;
				CLANG_WARN_INT_CONVERSION = YES;
				CLANG_WARN_NON_LITERAL_NULL_CONVERSION = YES;
				CLANG_WARN_OBJC_IMPLICIT_RETAIN_SELF = YES;
				CLANG_WARN_OBJC_LITERAL_CONVERSION = YES;
				CLANG_WARN_OBJC_ROOT_CLASS = YES_ERROR;
				CLANG_WARN_RANGE_LOOP_ANALYSIS = YES;
				CLANG_WARN_STRICT_PROTOTYPES = YES;
				CLANG_WARN_SUSPICIOUS_MOVE = YES;
				CLANG_WARN_UNGUARDED_AVAILABILITY = YES_AGGRESSIVE;
				CLANG_WARN_UNREACHABLE_CODE = YES;
				CLANG_WARN__DUPLICATE_METHOD_MATCH = YES;
				CODE_SIGN_IDENTITY = "iPhone Developer";
				COPY_PHASE_STRIP = NO;
				DEBUG_INFORMATION_FORMAT = dwarf;
				ENABLE_STRICT_OBJC_MSGSEND = YES;
				ENABLE_TESTABILITY = YES;
				GCC_C_LANGUAGE_STANDARD = gnu11;
				GCC_DYNAMIC_NO_PIC = NO;
				GCC_NO_COMMON_BLOCKS = YES;
				GCC_OPTIMIZATION_LEVEL = 0;
				GCC_PREPROCESSOR_DEFINITIONS = (
					"DEBUG=1",
					"$(inherited)",
				);
				GCC_WARN_64_TO_32_BIT_CONVERSION = YES;
				GCC_WARN_ABOUT_RETURN_TYPE = YES_ERROR;
				GCC_WARN_UNDECLARED_SELECTOR = YES;
				GCC_WARN_UNINITIALIZED_AUTOS = YES_AGGRESSIVE;
				GCC_WARN_UNUSED_FUNCTION = YES;
				GCC_WARN_UNUSED_VARIABLE = YES;
				IPHONEOS_DEPLOYMENT_TARGET = 12.0;
				MTL_ENABLE_DEBUG_INFO = INCLUDE_SOURCE;
				MTL_FAST_MATH = YES;
				ONLY_ACTIVE_ARCH = YES;
				SDKROOT = iphoneos;
				SWIFT_ACTIVE_COMPILATION_CONDITIONS = DEBUG;
				SWIFT_OPTIMIZATION_LEVEL = "-Onone";
			};
			name = Debug;
		};
		5711DA5D2199EB5300275471 /* Release */ = {
			isa = XCBuildConfiguration;
			buildSettings = {
				ALWAYS_SEARCH_USER_PATHS = NO;
				CLANG_ANALYZER_NONNULL = YES;
				CLANG_ANALYZER_NUMBER_OBJECT_CONVERSION = YES_AGGRESSIVE;
				CLANG_CXX_LANGUAGE_STANDARD = "gnu++14";
				CLANG_CXX_LIBRARY = "libc++";
				CLANG_ENABLE_MODULES = YES;
				CLANG_ENABLE_OBJC_ARC = YES;
				CLANG_ENABLE_OBJC_WEAK = YES;
				CLANG_WARN_BLOCK_CAPTURE_AUTORELEASING = YES;
				CLANG_WARN_BOOL_CONVERSION = YES;
				CLANG_WARN_COMMA = YES;
				CLANG_WARN_CONSTANT_CONVERSION = YES;
				CLANG_WARN_DEPRECATED_OBJC_IMPLEMENTATIONS = YES;
				CLANG_WARN_DIRECT_OBJC_ISA_USAGE = YES_ERROR;
				CLANG_WARN_DOCUMENTATION_COMMENTS = YES;
				CLANG_WARN_EMPTY_BODY = YES;
				CLANG_WARN_ENUM_CONVERSION = YES;
				CLANG_WARN_INFINITE_RECURSION = YES;
				CLANG_WARN_INT_CONVERSION = YES;
				CLANG_WARN_NON_LITERAL_NULL_CONVERSION = YES;
				CLANG_WARN_OBJC_IMPLICIT_RETAIN_SELF = YES;
				CLANG_WARN_OBJC_LITERAL_CONVERSION = YES;
				CLANG_WARN_OBJC_ROOT_CLASS = YES_ERROR;
				CLANG_WARN_RANGE_LOOP_ANALYSIS = YES;
				CLANG_WARN_STRICT_PROTOTYPES = YES;
				CLANG_WARN_SUSPICIOUS_MOVE = YES;
				CLANG_WARN_UNGUARDED_AVAILABILITY = YES_AGGRESSIVE;
				CLANG_WARN_UNREACHABLE_CODE = YES;
				CLANG_WARN__DUPLICATE_METHOD_MATCH = YES;
				CODE_SIGN_IDENTITY = "iPhone Developer";
				COPY_PHASE_STRIP = NO;
				DEBUG_INFORMATION_FORMAT = "dwarf-with-dsym";
				ENABLE_NS_ASSERTIONS = NO;
				ENABLE_STRICT_OBJC_MSGSEND = YES;
				GCC_C_LANGUAGE_STANDARD = gnu11;
				GCC_NO_COMMON_BLOCKS = YES;
				GCC_WARN_64_TO_32_BIT_CONVERSION = YES;
				GCC_WARN_ABOUT_RETURN_TYPE = YES_ERROR;
				GCC_WARN_UNDECLARED_SELECTOR = YES;
				GCC_WARN_UNINITIALIZED_AUTOS = YES_AGGRESSIVE;
				GCC_WARN_UNUSED_FUNCTION = YES;
				GCC_WARN_UNUSED_VARIABLE = YES;
				IPHONEOS_DEPLOYMENT_TARGET = 12.0;
				MTL_ENABLE_DEBUG_INFO = NO;
				MTL_FAST_MATH = YES;
				SDKROOT = iphoneos;
				SWIFT_COMPILATION_MODE = wholemodule;
				SWIFT_OPTIMIZATION_LEVEL = "-O";
				VALIDATE_PRODUCT = YES;
			};
			name = Release;
		};
		5711DA5F2199EB5300275471 /* Debug */ = {
			isa = XCBuildConfiguration;
			buildSettings = {
				ASSETCATALOG_COMPILER_APPICON_NAME = AppIcon;
				CODE_SIGN_STYLE = Automatic;
				DEVELOPMENT_TEAM = ZEKMNK5YD3;
				INFOPLIST_FILE = CardGame/Info.plist;
				LD_RUNPATH_SEARCH_PATHS = (
					"$(inherited)",
					"@executable_path/Frameworks",
				);
				PRODUCT_BUNDLE_IDENTIFIER = com.alexcpaul.CardGame;
				PRODUCT_NAME = "$(TARGET_NAME)";
				SWIFT_VERSION = 4.2;
				TARGETED_DEVICE_FAMILY = "1,2";
			};
			name = Debug;
		};
		5711DA602199EB5300275471 /* Release */ = {
			isa = XCBuildConfiguration;
			buildSettings = {
				ASSETCATALOG_COMPILER_APPICON_NAME = AppIcon;
				CODE_SIGN_STYLE = Automatic;
				DEVELOPMENT_TEAM = ZEKMNK5YD3;
				INFOPLIST_FILE = CardGame/Info.plist;
				LD_RUNPATH_SEARCH_PATHS = (
					"$(inherited)",
					"@executable_path/Frameworks",
				);
				PRODUCT_BUNDLE_IDENTIFIER = com.alexcpaul.CardGame;
				PRODUCT_NAME = "$(TARGET_NAME)";
				SWIFT_VERSION = 4.2;
				TARGETED_DEVICE_FAMILY = "1,2";
			};
			name = Release;
		};
/* End XCBuildConfiguration section */

/* Begin XCConfigurationList section */
		5711DA472199EB5100275471 /* Build configuration list for PBXProject "CardGame" */ = {
			isa = XCConfigurationList;
			buildConfigurations = (
				5711DA5C2199EB5300275471 /* Debug */,
				5711DA5D2199EB5300275471 /* Release */,
			);
			defaultConfigurationIsVisible = 0;
			defaultConfigurationName = Release;
		};
		5711DA5E2199EB5300275471 /* Build configuration list for PBXNativeTarget "CardGame" */ = {
			isa = XCConfigurationList;
			buildConfigurations = (
				5711DA5F2199EB5300275471 /* Debug */,
				5711DA602199EB5300275471 /* Release */,
			);
			defaultConfigurationIsVisible = 0;
			defaultConfigurationName = Release;
		};
/* End XCConfigurationList section */
	};
	rootObject = 5711DA442199EB5100275471 /* Project object */;
}
